
Microsoft Visual Studio Solution File, Format Version 12.00
# Visual Studio Version 17
VisualStudioVersion = 17.11.35222.181
MinimumVisualStudioVersion = 10.0.40219.1
Project("{FAE04EC0-301F-11D3-BF4B-00C04F79EFBC}") = "PE_Loops_XIA", "PE_Loops_XIA\PE_Loops_XIA.csproj", "{0EAE817A-4877-4DD0-B849-D19480D1485C}"
EndProject
Global
	GlobalSection(SolutionConfigurationPlatforms) = preSolution
		Debug|Any CPU = Debug|Any CPU
		Release|Any CPU = Release|Any CPU
	EndGlobalSection
	GlobalSection(ProjectConfigurationPlatforms) = postSolution
		{0EAE817A-4877-4DD0-B849-D19480D1485C}.Debug|Any CPU.ActiveCfg = Debug|Any CPU
		{0EAE817A-4877-4DD0-B849-D19480D1485C}.Debug|Any CPU.Build.0 = Debug|Any CPU
		{0EAE817A-4877-4DD0-B849-D19480D1485C}.Release|Any CPU.ActiveCfg = Release|Any CPU
		{0EAE817A-4877-4DD0-B849-D19480D1485C}.Release|Any CPU.Build.0 = Release|Any CPU
	EndGlobalSection
	GlobalSection(SolutionProperties) = preSolution
		HideSolutionNode = FALSE
	EndGlobalSection
	GlobalSection(ExtensibilityGlobals) = postSolution
		SolutionGuid = {A29AE964-B91C-4BAA-9C3E-E2674C1A2091}
	EndGlobalSection
EndGlobal
