
Microsoft Visual Studio Solution File, Format Version 12.00
# Visual Studio Version 17
VisualStudioVersion = 17.11.35222.181
MinimumVisualStudioVersion = 10.0.40219.1
Project("{FAE04EC0-301F-11D3-BF4B-00C04F79EFBC}") = "PE_HelloWorld_YX", "PE_HelloWorld_YX.csproj", "{14E459FE-1360-40E1-9E9B-39426CC8794B}"
EndProject
Global
	GlobalSection(SolutionConfigurationPlatforms) = preSolution
		Debug|Any CPU = Debug|Any CPU
		Release|Any CPU = Release|Any CPU
	EndGlobalSection
	GlobalSection(ProjectConfigurationPlatforms) = postSolution
		{14E459FE-1360-40E1-9E9B-39426CC8794B}.Debug|Any CPU.ActiveCfg = Debug|Any CPU
		{14E459FE-1360-40E1-9E9B-39426CC8794B}.Debug|Any CPU.Build.0 = Debug|Any CPU
		{14E459FE-1360-40E1-9E9B-39426CC8794B}.Release|Any CPU.ActiveCfg = Release|Any CPU
		{14E459FE-1360-40E1-9E9B-39426CC8794B}.Release|Any CPU.Build.0 = Release|Any CPU
	EndGlobalSection
	GlobalSection(SolutionProperties) = preSolution
		HideSolutionNode = FALSE
	EndGlobalSection
	GlobalSection(ExtensibilityGlobals) = postSolution
		SolutionGuid = {740BFF58-1DA3-45B2-B9C3-70D32398A08B}
	EndGlobalSection
EndGlobal
