
Microsoft Visual Studio Solution File, Format Version 12.00
# Visual Studio Version 17
VisualStudioVersion = 17.11.35222.181
MinimumVisualStudioVersion = 10.0.40219.1
Project("{FAE04EC0-301F-11D3-BF4B-00C04F79EFBC}") = "HW 01_Character Story_XIA", "HW 01_Character Story_XIA\HW 01_Character Story_XIA.csproj", "{FB6B18D6-BFF9-45F1-9D9D-5DF39F3E2A94}"
EndProject
Global
	GlobalSection(SolutionConfigurationPlatforms) = preSolution
		Debug|Any CPU = Debug|Any CPU
		Release|Any CPU = Release|Any CPU
	EndGlobalSection
	GlobalSection(ProjectConfigurationPlatforms) = postSolution
		{FB6B18D6-BFF9-45F1-9D9D-5DF39F3E2A94}.Debug|Any CPU.ActiveCfg = Debug|Any CPU
		{FB6B18D6-BFF9-45F1-9D9D-5DF39F3E2A94}.Debug|Any CPU.Build.0 = Debug|Any CPU
		{FB6B18D6-BFF9-45F1-9D9D-5DF39F3E2A94}.Release|Any CPU.ActiveCfg = Release|Any CPU
		{FB6B18D6-BFF9-45F1-9D9D-5DF39F3E2A94}.Release|Any CPU.Build.0 = Release|Any CPU
	EndGlobalSection
	GlobalSection(SolutionProperties) = preSolution
		HideSolutionNode = FALSE
	EndGlobalSection
	GlobalSection(ExtensibilityGlobals) = postSolution
		SolutionGuid = {F58861B5-6EA8-4A28-A6ED-BBFAC7026CE3}
	EndGlobalSection
EndGlobal
