
Microsoft Visual Studio Solution File, Format Version 12.00
# Visual Studio Version 17
VisualStudioVersion = 17.10.35027.167
MinimumVisualStudioVersion = 10.0.40219.1
Project("{FAE04EC0-301F-11D3-BF4B-00C04F79EFBC}") = "InClassDemo_0919", "InClassDemo_0919\InClassDemo_0919.csproj", "{99146268-9787-4715-A871-22C4C4D6703F}"
EndProject
Global
	GlobalSection(SolutionConfigurationPlatforms) = preSolution
		Debug|Any CPU = Debug|Any CPU
		Release|Any CPU = Release|Any CPU
	EndGlobalSection
	GlobalSection(ProjectConfigurationPlatforms) = postSolution
		{99146268-9787-4715-A871-22C4C4D6703F}.Debug|Any CPU.ActiveCfg = Debug|Any CPU
		{99146268-9787-4715-A871-22C4C4D6703F}.Debug|Any CPU.Build.0 = Debug|Any CPU
		{99146268-9787-4715-A871-22C4C4D6703F}.Release|Any CPU.ActiveCfg = Release|Any CPU
		{99146268-9787-4715-A871-22C4C4D6703F}.Release|Any CPU.Build.0 = Release|Any CPU
	EndGlobalSection
	GlobalSection(SolutionProperties) = preSolution
		HideSolutionNode = FALSE
	EndGlobalSection
	GlobalSection(ExtensibilityGlobals) = postSolution
		SolutionGuid = {E122169A-6F07-4761-A320-B5330E50D734}
	EndGlobalSection
EndGlobal
