
Microsoft Visual Studio Solution File, Format Version 12.00
# Visual Studio Version 17
VisualStudioVersion = 17.11.35222.181
MinimumVisualStudioVersion = 10.0.40219.1
Project("{FAE04EC0-301F-11D3-BF4B-00C04F79EFBC}") = "PE_Casting, Math & Doc_XIA", "PE_Casting, Math & Doc_XIA\PE_Casting, Math & Doc_XIA.csproj", "{0FA131A7-C205-4AA2-94DF-FCA069348CEA}"
EndProject
Global
	GlobalSection(SolutionConfigurationPlatforms) = preSolution
		Debug|Any CPU = Debug|Any CPU
		Release|Any CPU = Release|Any CPU
	EndGlobalSection
	GlobalSection(ProjectConfigurationPlatforms) = postSolution
		{0FA131A7-C205-4AA2-94DF-FCA069348CEA}.Debug|Any CPU.ActiveCfg = Debug|Any CPU
		{0FA131A7-C205-4AA2-94DF-FCA069348CEA}.Debug|Any CPU.Build.0 = Debug|Any CPU
		{0FA131A7-C205-4AA2-94DF-FCA069348CEA}.Release|Any CPU.ActiveCfg = Release|Any CPU
		{0FA131A7-C205-4AA2-94DF-FCA069348CEA}.Release|Any CPU.Build.0 = Release|Any CPU
	EndGlobalSection
	GlobalSection(SolutionProperties) = preSolution
		HideSolutionNode = FALSE
	EndGlobalSection
	GlobalSection(ExtensibilityGlobals) = postSolution
		SolutionGuid = {9F357BC5-CBC0-4E12-89B5-83229D01A307}
	EndGlobalSection
EndGlobal
