
Microsoft Visual Studio Solution File, Format Version 12.00
# Visual Studio Version 17
VisualStudioVersion = 17.11.35222.181
MinimumVisualStudioVersion = 10.0.40219.1
Project("{FAE04EC0-301F-11D3-BF4B-00C04F79EFBC}") = "PE_Data Types & Variables_XIA", "PE_Data Types & Variables_XIA\PE_Data Types & Variables_XIA.csproj", "{BC0D76FB-5CF4-4124-81CA-CDC629A34DFD}"
EndProject
Global
	GlobalSection(SolutionConfigurationPlatforms) = preSolution
		Debug|Any CPU = Debug|Any CPU
		Release|Any CPU = Release|Any CPU
	EndGlobalSection
	GlobalSection(ProjectConfigurationPlatforms) = postSolution
		{BC0D76FB-5CF4-4124-81CA-CDC629A34DFD}.Debug|Any CPU.ActiveCfg = Debug|Any CPU
		{BC0D76FB-5CF4-4124-81CA-CDC629A34DFD}.Debug|Any CPU.Build.0 = Debug|Any CPU
		{BC0D76FB-5CF4-4124-81CA-CDC629A34DFD}.Release|Any CPU.ActiveCfg = Release|Any CPU
		{BC0D76FB-5CF4-4124-81CA-CDC629A34DFD}.Release|Any CPU.Build.0 = Release|Any CPU
	EndGlobalSection
	GlobalSection(SolutionProperties) = preSolution
		HideSolutionNode = FALSE
	EndGlobalSection
	GlobalSection(ExtensibilityGlobals) = postSolution
		SolutionGuid = {B84B06B0-E0B5-4EA9-8B44-637FE4957E91}
	EndGlobalSection
EndGlobal
