
Microsoft Visual Studio Solution File, Format Version 12.00
# Visual Studio Version 17
VisualStudioVersion = 17.10.35027.167
MinimumVisualStudioVersion = 10.0.40219.1
Project("{FAE04EC0-301F-11D3-BF4B-00C04F79EFBC}") = "InClassDemo_0817", "InClassDemo_0817\InClassDemo_0817.csproj", "{19391676-F8CE-4EDD-90C3-D185D6A8386E}"
EndProject
Global
	GlobalSection(SolutionConfigurationPlatforms) = preSolution
		Debug|Any CPU = Debug|Any CPU
		Release|Any CPU = Release|Any CPU
	EndGlobalSection
	GlobalSection(ProjectConfigurationPlatforms) = postSolution
		{19391676-F8CE-4EDD-90C3-D185D6A8386E}.Debug|Any CPU.ActiveCfg = Debug|Any CPU
		{19391676-F8CE-4EDD-90C3-D185D6A8386E}.Debug|Any CPU.Build.0 = Debug|Any CPU
		{19391676-F8CE-4EDD-90C3-D185D6A8386E}.Release|Any CPU.ActiveCfg = Release|Any CPU
		{19391676-F8CE-4EDD-90C3-D185D6A8386E}.Release|Any CPU.Build.0 = Release|Any CPU
	EndGlobalSection
	GlobalSection(SolutionProperties) = preSolution
		HideSolutionNode = FALSE
	EndGlobalSection
	GlobalSection(ExtensibilityGlobals) = postSolution
		SolutionGuid = {50625B77-AF03-4BBB-96F7-5ABCC5BC8E4E}
	EndGlobalSection
EndGlobal
