
Microsoft Visual Studio Solution File, Format Version 12.00
# Visual Studio Version 17
VisualStudioVersion = 17.11.35222.181
MinimumVisualStudioVersion = 10.0.40219.1
Project("{FAE04EC0-301F-11D3-BF4B-00C04F79EFBC}") = "PE_Statement & Expression_Xia", "PE_Statement & Expression_Xia\PE_Statement & Expression_Xia.csproj", "{50FE7166-EFCE-4A54-87BC-8D759AFF67FF}"
EndProject
Global
	GlobalSection(SolutionConfigurationPlatforms) = preSolution
		Debug|Any CPU = Debug|Any CPU
		Release|Any CPU = Release|Any CPU
	EndGlobalSection
	GlobalSection(ProjectConfigurationPlatforms) = postSolution
		{50FE7166-EFCE-4A54-87BC-8D759AFF67FF}.Debug|Any CPU.ActiveCfg = Debug|Any CPU
		{50FE7166-EFCE-4A54-87BC-8D759AFF67FF}.Debug|Any CPU.Build.0 = Debug|Any CPU
		{50FE7166-EFCE-4A54-87BC-8D759AFF67FF}.Release|Any CPU.ActiveCfg = Release|Any CPU
		{50FE7166-EFCE-4A54-87BC-8D759AFF67FF}.Release|Any CPU.Build.0 = Release|Any CPU
	EndGlobalSection
	GlobalSection(SolutionProperties) = preSolution
		HideSolutionNode = FALSE
	EndGlobalSection
	GlobalSection(ExtensibilityGlobals) = postSolution
		SolutionGuid = {0A05B6EF-27F3-48C6-A5F9-9877D30AE8A0}
	EndGlobalSection
EndGlobal
