
Microsoft Visual Studio Solution File, Format Version 12.00
# Visual Studio Version 17
VisualStudioVersion = 17.10.35027.167
MinimumVisualStudioVersion = 10.0.40219.1
Project("{FAE04EC0-301F-11D3-BF4B-00C04F79EFBC}") = "YX Tue Week 1", "YX Tue Week 1\YX Tue Week 1.csproj", "{1416D76D-E515-4862-9B83-1FE38B2B4271}"
EndProject
Global
	GlobalSection(SolutionConfigurationPlatforms) = preSolution
		Debug|Any CPU = Debug|Any CPU
		Release|Any CPU = Release|Any CPU
	EndGlobalSection
	GlobalSection(ProjectConfigurationPlatforms) = postSolution
		{1416D76D-E515-4862-9B83-1FE38B2B4271}.Debug|Any CPU.ActiveCfg = Debug|Any CPU
		{1416D76D-E515-4862-9B83-1FE38B2B4271}.Debug|Any CPU.Build.0 = Debug|Any CPU
		{1416D76D-E515-4862-9B83-1FE38B2B4271}.Release|Any CPU.ActiveCfg = Release|Any CPU
		{1416D76D-E515-4862-9B83-1FE38B2B4271}.Release|Any CPU.Build.0 = Release|Any CPU
	EndGlobalSection
	GlobalSection(SolutionProperties) = preSolution
		HideSolutionNode = FALSE
	EndGlobalSection
	GlobalSection(ExtensibilityGlobals) = postSolution
		SolutionGuid = {028F0358-10CD-4B76-AEAD-7C74D6622BEF}
	EndGlobalSection
EndGlobal
