
Microsoft Visual Studio Solution File, Format Version 12.00
# Visual Studio Version 17
VisualStudioVersion = 17.11.35222.181
MinimumVisualStudioVersion = 10.0.40219.1
Project("{FAE04EC0-301F-11D3-BF4B-00C04F79EFBC}") = "HW 3_Gradebook_XIA", "HW 3_Gradebook_XIA\HW 3_Gradebook_XIA.csproj", "{EE5960D4-D8A3-4F77-BDA7-A5838F8A8334}"
EndProject
Global
	GlobalSection(SolutionConfigurationPlatforms) = preSolution
		Debug|Any CPU = Debug|Any CPU
		Release|Any CPU = Release|Any CPU
	EndGlobalSection
	GlobalSection(ProjectConfigurationPlatforms) = postSolution
		{EE5960D4-D8A3-4F77-BDA7-A5838F8A8334}.Debug|Any CPU.ActiveCfg = Debug|Any CPU
		{EE5960D4-D8A3-4F77-BDA7-A5838F8A8334}.Debug|Any CPU.Build.0 = Debug|Any CPU
		{EE5960D4-D8A3-4F77-BDA7-A5838F8A8334}.Release|Any CPU.ActiveCfg = Release|Any CPU
		{EE5960D4-D8A3-4F77-BDA7-A5838F8A8334}.Release|Any CPU.Build.0 = Release|Any CPU
	EndGlobalSection
	GlobalSection(SolutionProperties) = preSolution
		HideSolutionNode = FALSE
	EndGlobalSection
	GlobalSection(ExtensibilityGlobals) = postSolution
		SolutionGuid = {9B6E9A16-5F9F-448B-BE6E-81730D683E36}
	EndGlobalSection
EndGlobal
