
Microsoft Visual Studio Solution File, Format Version 12.00
# Visual Studio Version 17
VisualStudioVersion = 17.11.35222.181
MinimumVisualStudioVersion = 10.0.40219.1
Project("{FAE04EC0-301F-11D3-BF4B-00C04F79EFBC}") = "HW 5_The Farmstead", "HW 5_The Farmstead\HW 5_The Farmstead.csproj", "{430902B0-B616-496A-97DE-8B711414037C}"
EndProject
Global
	GlobalSection(SolutionConfigurationPlatforms) = preSolution
		Debug|Any CPU = Debug|Any CPU
		Release|Any CPU = Release|Any CPU
	EndGlobalSection
	GlobalSection(ProjectConfigurationPlatforms) = postSolution
		{430902B0-B616-496A-97DE-8B711414037C}.Debug|Any CPU.ActiveCfg = Debug|Any CPU
		{430902B0-B616-496A-97DE-8B711414037C}.Debug|Any CPU.Build.0 = Debug|Any CPU
		{430902B0-B616-496A-97DE-8B711414037C}.Release|Any CPU.ActiveCfg = Release|Any CPU
		{430902B0-B616-496A-97DE-8B711414037C}.Release|Any CPU.Build.0 = Release|Any CPU
	EndGlobalSection
	GlobalSection(SolutionProperties) = preSolution
		HideSolutionNode = FALSE
	EndGlobalSection
	GlobalSection(ExtensibilityGlobals) = postSolution
		SolutionGuid = {BDD379B5-EAE3-4DD7-AA02-4664A24A3A66}
	EndGlobalSection
EndGlobal
